
Microsoft Visual Studio Solution File, Format Version 12.00
# Visual Studio Version 16
VisualStudioVersion = 16.0.31424.327
MinimumVisualStudioVersion = 10.0.40219.1
Project("{FAE04EC0-301F-11D3-BF4B-00C04F79EFBC}") = "MVCCRUD_Training", "MVCCRUD_Training\MVCCRUD_Training.csproj", "{93926271-738D-4357-A4F9-D5893B790DA2}"
EndProject
Global
	GlobalSection(SolutionConfigurationPlatforms) = preSolution
		Debug|Any CPU = Debug|Any CPU
		Release|Any CPU = Release|Any CPU
	EndGlobalSection
	GlobalSection(ProjectConfigurationPlatforms) = postSolution
		{93926271-738D-4357-A4F9-D5893B790DA2}.Debug|Any CPU.ActiveCfg = Debug|Any CPU
		{93926271-738D-4357-A4F9-D5893B790DA2}.Debug|Any CPU.Build.0 = Debug|Any CPU
		{93926271-738D-4357-A4F9-D5893B790DA2}.Release|Any CPU.ActiveCfg = Release|Any CPU
		{93926271-738D-4357-A4F9-D5893B790DA2}.Release|Any CPU.Build.0 = Release|Any CPU
	EndGlobalSection
	GlobalSection(SolutionProperties) = preSolution
		HideSolutionNode = FALSE
	EndGlobalSection
	GlobalSection(ExtensibilityGlobals) = postSolution
		SolutionGuid = {6DF4D577-E803-4AE9-8059-9EDEC5CB02C6}
	EndGlobalSection
EndGlobal
